# Generated by buf. DO NOT EDIT.
version: v1
deps:
  - remote: buf.build
    owner: googleapis
    repository: googleapis
    commit: c17df5b2beca46928cc87d5656bd5343
    digest: shake256:c62ecead9b13485a02893cd678a6c81e40879bf00ea509bbc6fd8f1b2cc33eccf6a85c259b08d1e0f052f693cbfc7dfda236e9665b1d6869b8e1132a794a61e2
  - remote: buf.build
    owner: grpc
    repository: grpc
    commit: 1730f7242d0f45138a638b7612d46586
    digest: shake256:a9b3b1d5ca0eaa99f711c732ae3889e36411a5e36b1bc4e1e54b332f988c001ab4c41c439387d01c25c2bd36948b10b84898c8dbaa21f394e4d60f8c6b4d84a8
